// !$*UTF8*$!
{
	archiveVersion = 1;
	classes = {
	};
	objectVersion = 50;
	objects = {

/* Begin PBXBuildFile section */
		04217E1D231E0BE9008BDD33 /* AppDelegate.swift in Sources */ = {isa = PBXBuildFile; fileRef = 04217E1C231E0BE9008BDD33 /* AppDelegate.swift */; };
		04217E1F231E0BE9008BDD33 /* ViewController.swift in Sources */ = {isa = PBXBuildFile; fileRef = 04217E1E231E0BE9008BDD33 /* ViewController.swift */; };
		04217E22231E0BE9008BDD33 /* Main.storyboard in Resources */ = {isa = PBXBuildFile; fileRef = 04217E20231E0BE9008BDD33 /* Main.storyboard */; };
		04217E24231E0BEC008BDD33 /* Assets.xcassets in Resources */ = {isa = PBXBuildFile; fileRef = 04217E23231E0BEC008BDD33 /* Assets.xcassets */; };
		04217E27231E0BEC008BDD33 /* LaunchScreen.storyboard in Resources */ = {isa = PBXBuildFile; fileRef = 04217E25231E0BEC008BDD33 /* LaunchScreen.storyboard */; };
		04217E32231E0C59008BDD33 /* PPFAnalyticalFormula.c in Sources */ = {isa = PBXBuildFile; fileRef = 04217E31231E0C59008BDD33 /* PPFAnalyticalFormula.c */; };
		04217E35231E0E86008BDD33 /* PPFStack.c in Sources */ = {isa = PBXBuildFile; fileRef = 04217E34231E0E86008BDD33 /* PPFStack.c */; };
		043B6BE42327840B00BE082A /* PPFTest.c in Sources */ = {isa = PBXBuildFile; fileRef = 043B6BE32327840B00BE082A /* PPFTest.c */; };
/* End PBXBuildFile section */

/* Begin PBXFileReference section */
		04217E19231E0BE9008BDD33 /* COperationDemo.app */ = {isa = PBXFileReference; explicitFileType = wrapper.application; includeInIndex = 0; path = COperationDemo.app; sourceTree = BUILT_PRODUCTS_DIR; };
		04217E1C231E0BE9008BDD33 /* AppDelegate.swift */ = {isa = PBXFileReference; lastKnownFileType = sourcecode.swift; path = AppDelegate.swift; sourceTree = "<group>"; };
		04217E1E231E0BE9008BDD33 /* ViewController.swift */ = {isa = PBXFileReference; lastKnownFileType = sourcecode.swift; path = ViewController.swift; sourceTree = "<group>"; };
		04217E21231E0BE9008BDD33 /* Base */ = {isa = PBXFileReference; lastKnownFileType = file.storyboard; name = Base; path = Base.lproj/Main.storyboard; sourceTree = "<group>"; };
		04217E23231E0BEC008BDD33 /* Assets.xcassets */ = {isa = PBXFileReference; lastKnownFileType = folder.assetcatalog; path = Assets.xcassets; sourceTree = "<group>"; };
		04217E26231E0BEC008BDD33 /* Base */ = {isa = PBXFileReference; lastKnownFileType = file.storyboard; name = Base; path = Base.lproj/LaunchScreen.storyboard; sourceTree = "<group>"; };
		04217E28231E0BEC008BDD33 /* Info.plist */ = {isa = PBXFileReference; lastKnownFileType = text.plist.xml; path = Info.plist; sourceTree = "<group>"; };
		04217E2F231E0C59008BDD33 /* COperationDemo-Bridging-Header.h */ = {isa = PBXFileReference; lastKnownFileType = sourcecode.c.h; path = "COperationDemo-Bridging-Header.h"; sourceTree = "<group>"; };
		04217E30231E0C59008BDD33 /* PPFAnalyticalFormula.h */ = {isa = PBXFileReference; lastKnownFileType = sourcecode.c.h; path = PPFAnalyticalFormula.h; sourceTree = "<group>"; };
		04217E31231E0C59008BDD33 /* PPFAnalyticalFormula.c */ = {isa = PBXFileReference; lastKnownFileType = sourcecode.c.c; path = PPFAnalyticalFormula.c; sourceTree = "<group>"; };
		04217E33231E0E86008BDD33 /* PPFStack.h */ = {isa = PBXFileReference; lastKnownFileType = sourcecode.c.h; path = PPFStack.h; sourceTree = "<group>"; };
		04217E34231E0E86008BDD33 /* PPFStack.c */ = {isa = PBXFileReference; lastKnownFileType = sourcecode.c.c; path = PPFStack.c; sourceTree = "<group>"; };
		043B6BE22327840B00BE082A /* PPFTest.h */ = {isa = PBXFileReference; lastKnownFileType = sourcecode.c.h; path = PPFTest.h; sourceTree = "<group>"; };
		043B6BE32327840B00BE082A /* PPFTest.c */ = {isa = PBXFileReference; lastKnownFileType = sourcecode.c.c; path = PPFTest.c; sourceTree = "<group>"; };
/* End PBXFileReference section */

/* Begin PBXFrameworksBuildPhase section */
		04217E16231E0BE9008BDD33 /* Frameworks */ = {
			isa = PBXFrameworksBuildPhase;
			buildActionMask = 2147483647;
			files = (
			);
			runOnlyForDeploymentPostprocessing = 0;
		};
/* End PBXFrameworksBuildPhase section */

/* Begin PBXGroup section */
		04217E10231E0BE9008BDD33 = {
			isa = PBXGroup;
			children = (
				04217E1B231E0BE9008BDD33 /* COperationDemo */,
				04217E1A231E0BE9008BDD33 /* Products */,
			);
			sourceTree = "<group>";
		};
		04217E1A231E0BE9008BDD33 /* Products */ = {
			isa = PBXGroup;
			children = (
				04217E19231E0BE9008BDD33 /* COperationDemo.app */,
			);
			name = Products;
			sourceTree = "<group>";
		};
		04217E1B231E0BE9008BDD33 /* COperationDemo */ = {
			isa = PBXGroup;
			children = (
				04217E2F231E0C59008BDD33 /* COperationDemo-Bridging-Header.h */,
				04217E2E231E0BF2008BDD33 /* sources */,
				04217E1C231E0BE9008BDD33 /* AppDelegate.swift */,
				04217E1E231E0BE9008BDD33 /* ViewController.swift */,
				04217E20231E0BE9008BDD33 /* Main.storyboard */,
				04217E23231E0BEC008BDD33 /* Assets.xcassets */,
				04217E25231E0BEC008BDD33 /* LaunchScreen.storyboard */,
				04217E28231E0BEC008BDD33 /* Info.plist */,
				043B6BE22327840B00BE082A /* PPFTest.h */,
				043B6BE32327840B00BE082A /* PPFTest.c */,
			);
			path = COperationDemo;
			sourceTree = "<group>";
		};
		04217E2E231E0BF2008BDD33 /* sources */ = {
			isa = PBXGroup;
			children = (
				04217E30231E0C59008BDD33 /* PPFAnalyticalFormula.h */,
				04217E31231E0C59008BDD33 /* PPFAnalyticalFormula.c */,
				04217E33231E0E86008BDD33 /* PPFStack.h */,
				04217E34231E0E86008BDD33 /* PPFStack.c */,
			);
			path = sources;
			sourceTree = "<group>";
		};
/* End PBXGroup section */

/* Begin PBXNativeTarget section */
		04217E18231E0BE9008BDD33 /* COperationDemo */ = {
			isa = PBXNativeTarget;
			buildConfigurationList = 04217E2B231E0BEC008BDD33 /* Build configuration list for PBXNativeTarget "COperationDemo" */;
			buildPhases = (
				04217E15231E0BE9008BDD33 /* Sources */,
				04217E16231E0BE9008BDD33 /* Frameworks */,
				04217E17231E0BE9008BDD33 /* Resources */,
			);
			buildRules = (
			);
			dependencies = (
			);
			name = COperationDemo;
			productName = COperationDemo;
			productReference = 04217E19231E0BE9008BDD33 /* COperationDemo.app */;
			productType = "com.apple.product-type.application";
		};
/* End PBXNativeTarget section */

/* Begin PBXProject section */
		04217E11231E0BE9008BDD33 /* Project object */ = {
			isa = PBXProject;
			attributes = {
				LastSwiftUpdateCheck = 1030;
				LastUpgradeCheck = 1030;
				ORGANIZATIONNAME = "潘鹏飞";
				TargetAttributes = {
					04217E18231E0BE9008BDD33 = {
						CreatedOnToolsVersion = 10.3;
						LastSwiftMigration = 1030;
					};
				};
			};
			buildConfigurationList = 04217E14231E0BE9008BDD33 /* Build configuration list for PBXProject "COperationDemo" */;
			compatibilityVersion = "Xcode 9.3";
			developmentRegion = en;
			hasScannedForEncodings = 0;
			knownRegions = (
				en,
				Base,
			);
			mainGroup = 04217E10231E0BE9008BDD33;
			productRefGroup = 04217E1A231E0BE9008BDD33 /* Products */;
			projectDirPath = "";
			projectRoot = "";
			targets = (
				04217E18231E0BE9008BDD33 /* COperationDemo */,
			);
		};
/* End PBXProject section */

/* Begin PBXResourcesBuildPhase section */
		04217E17231E0BE9008BDD33 /* Resources */ = {
			isa = PBXResourcesBuildPhase;
			buildActionMask = 2147483647;
			files = (
				04217E27231E0BEC008BDD33 /* LaunchScreen.storyboard in Resources */,
				04217E24231E0BEC008BDD33 /* Assets.xcassets in Resources */,
				04217E22231E0BE9008BDD33 /* Main.storyboard in Resources */,
			);
			runOnlyForDeploymentPostprocessing = 0;
		};
/* End PBXResourcesBuildPhase section */

/* Begin PBXSourcesBuildPhase section */
		04217E15231E0BE9008BDD33 /* Sources */ = {
			isa = PBXSourcesBuildPhase;
			buildActionMask = 2147483647;
			files = (
				04217E32231E0C59008BDD33 /* PPFAnalyticalFormula.c in Sources */,
				04217E1F231E0BE9008BDD33 /* ViewController.swift in Sources */,
				04217E1D231E0BE9008BDD33 /* AppDelegate.swift in Sources */,
				043B6BE42327840B00BE082A /* PPFTest.c in Sources */,
				04217E35231E0E86008BDD33 /* PPFStack.c in Sources */,
			);
			runOnlyForDeploymentPostprocessing = 0;
		};
/* End PBXSourcesBuildPhase section */

/* Begin PBXVariantGroup section */
		04217E20231E0BE9008BDD33 /* Main.storyboard */ = {
			isa = PBXVariantGroup;
			children = (
				04217E21231E0BE9008BDD33 /* Base */,
			);
			name = Main.storyboard;
			sourceTree = "<group>";
		};
		04217E25231E0BEC008BDD33 /* LaunchScreen.storyboard */ = {
			isa = PBXVariantGroup;
			children = (
				04217E26231E0BEC008BDD33 /* Base */,
			);
			name = LaunchScreen.storyboard;
			sourceTree = "<group>";
		};
/* End PBXVariantGroup section */

/* Begin XCBuildConfiguration section */
		04217E29231E0BEC008BDD33 /* Debug */ = {
			isa = XCBuildConfiguration;
			buildSettings = {
				ALWAYS_SEARCH_USER_PATHS = NO;
				CLANG_ANALYZER_NONNULL = YES;
				CLANG_ANALYZER_NUMBER_OBJECT_CONVERSION = YES_AGGRESSIVE;
				CLANG_CXX_LANGUAGE_STANDARD = "gnu++14";
				CLANG_CXX_LIBRARY = "libc++";
				CLANG_ENABLE_MODULES = YES;
				CLANG_ENABLE_OBJC_ARC = YES;
				CLANG_ENABLE_OBJC_WEAK = YES;
				CLANG_WARN_BLOCK_CAPTURE_AUTORELEASING = YES;
				CLANG_WARN_BOOL_CONVERSION = YES;
				CLANG_WARN_COMMA = YES;
				CLANG_WARN_CONSTANT_CONVERSION = YES;
				CLANG_WARN_DEPRECATED_OBJC_IMPLEMENTATIONS = YES;
				CLANG_WARN_DIRECT_OBJC_ISA_USAGE = YES_ERROR;
				CLANG_WARN_DOCUMENTATION_COMMENTS = YES;
				CLANG_WARN_EMPTY_BODY = YES;
				CLANG_WARN_ENUM_CONVERSION = YES;
				CLANG_WARN_INFINITE_RECURSION = YES;
				CLANG_WARN_INT_CONVERSION = YES;
				CLANG_WARN_NON_LITERAL_NULL_CONVERSION = YES;
				CLANG_WARN_OBJC_IMPLICIT_RETAIN_SELF = YES;
				CLANG_WARN_OBJC_LITERAL_CONVERSION = YES;
				CLANG_WARN_OBJC_ROOT_CLASS = YES_ERROR;
				CLANG_WARN_RANGE_LOOP_ANALYSIS = YES;
				CLANG_WARN_STRICT_PROTOTYPES = YES;
				CLANG_WARN_SUSPICIOUS_MOVE = YES;
				CLANG_WARN_UNGUARDED_AVAILABILITY = YES_AGGRESSIVE;
				CLANG_WARN_UNREACHABLE_CODE = YES;
				CLANG_WARN__DUPLICATE_METHOD_MATCH = YES;
				CODE_SIGN_IDENTITY = "iPhone Developer";
				COPY_PHASE_STRIP = NO;
				DEBUG_INFORMATION_FORMAT = dwarf;
				ENABLE_STRICT_OBJC_MSGSEND = YES;
				ENABLE_TESTABILITY = YES;
				GCC_C_LANGUAGE_STANDARD = gnu11;
				GCC_DYNAMIC_NO_PIC = NO;
				GCC_NO_COMMON_BLOCKS = YES;
				GCC_OPTIMIZATION_LEVEL = 0;
				GCC_PREPROCESSOR_DEFINITIONS = (
					"DEBUG=1",
					"$(inherited)",
				);
				GCC_WARN_64_TO_32_BIT_CONVERSION = YES;
				GCC_WARN_ABOUT_RETURN_TYPE = YES_ERROR;
				GCC_WARN_UNDECLARED_SELECTOR = YES;
				GCC_WARN_UNINITIALIZED_AUTOS = YES_AGGRESSIVE;
				GCC_WARN_UNUSED_FUNCTION = YES;
				GCC_WARN_UNUSED_VARIABLE = YES;
				IPHONEOS_DEPLOYMENT_TARGET = 12.4;
				MTL_ENABLE_DEBUG_INFO = INCLUDE_SOURCE;
				MTL_FAST_MATH = YES;
				ONLY_ACTIVE_ARCH = YES;
				SDKROOT = iphoneos;
				SWIFT_ACTIVE_COMPILATION_CONDITIONS = DEBUG;
				SWIFT_OPTIMIZATION_LEVEL = "-Onone";
			};
			name = Debug;
		};
		04217E2A231E0BEC008BDD33 /* Release */ = {
			isa = XCBuildConfiguration;
			buildSettings = {
				ALWAYS_SEARCH_USER_PATHS = NO;
				CLANG_ANALYZER_NONNULL = YES;
				CLANG_ANALYZER_NUMBER_OBJECT_CONVERSION = YES_AGGRESSIVE;
				CLANG_CXX_LANGUAGE_STANDARD = "gnu++14";
				CLANG_CXX_LIBRARY = "libc++";
				CLANG_ENABLE_MODULES = YES;
				CLANG_ENABLE_OBJC_ARC = YES;
				CLANG_ENABLE_OBJC_WEAK = YES;
				CLANG_WARN_BLOCK_CAPTURE_AUTORELEASING = YES;
				CLANG_WARN_BOOL_CONVERSION = YES;
				CLANG_WARN_COMMA = YES;
				CLANG_WARN_CONSTANT_CONVERSION = YES;
				CLANG_WARN_DEPRECATED_OBJC_IMPLEMENTATIONS = YES;
				CLANG_WARN_DIRECT_OBJC_ISA_USAGE = YES_ERROR;
				CLANG_WARN_DOCUMENTATION_COMMENTS = YES;
				CLANG_WARN_EMPTY_BODY = YES;
				CLANG_WARN_ENUM_CONVERSION = YES;
				CLANG_WARN_INFINITE_RECURSION = YES;
				CLANG_WARN_INT_CONVERSION = YES;
				CLANG_WARN_NON_LITERAL_NULL_CONVERSION = YES;
				CLANG_WARN_OBJC_IMPLICIT_RETAIN_SELF = YES;
				CLANG_WARN_OBJC_LITERAL_CONVERSION = YES;
				CLANG_WARN_OBJC_ROOT_CLASS = YES_ERROR;
				CLANG_WARN_RANGE_LOOP_ANALYSIS = YES;
				CLANG_WARN_STRICT_PROTOTYPES = YES;
				CLANG_WARN_SUSPICIOUS_MOVE = YES;
				CLANG_WARN_UNGUARDED_AVAILABILITY = YES_AGGRESSIVE;
				CLANG_WARN_UNREACHABLE_CODE = YES;
				CLANG_WARN__DUPLICATE_METHOD_MATCH = YES;
				CODE_SIGN_IDENTITY = "iPhone Developer";
				COPY_PHASE_STRIP = NO;
				DEBUG_INFORMATION_FORMAT = "dwarf-with-dsym";
				ENABLE_NS_ASSERTIONS = NO;
				ENABLE_STRICT_OBJC_MSGSEND = YES;
				GCC_C_LANGUAGE_STANDARD = gnu11;
				GCC_NO_COMMON_BLOCKS = YES;
				GCC_WARN_64_TO_32_BIT_CONVERSION = YES;
				GCC_WARN_ABOUT_RETURN_TYPE = YES_ERROR;
				GCC_WARN_UNDECLARED_SELECTOR = YES;
				GCC_WARN_UNINITIALIZED_AUTOS = YES_AGGRESSIVE;
				GCC_WARN_UNUSED_FUNCTION = YES;
				GCC_WARN_UNUSED_VARIABLE = YES;
				IPHONEOS_DEPLOYMENT_TARGET = 12.4;
				MTL_ENABLE_DEBUG_INFO = NO;
				MTL_FAST_MATH = YES;
				SDKROOT = iphoneos;
				SWIFT_COMPILATION_MODE = wholemodule;
				SWIFT_OPTIMIZATION_LEVEL = "-O";
				VALIDATE_PRODUCT = YES;
			};
			name = Release;
		};
		04217E2C231E0BEC008BDD33 /* Debug */ = {
			isa = XCBuildConfiguration;
			buildSettings = {
				ASSETCATALOG_COMPILER_APPICON_NAME = AppIcon;
				CLANG_ENABLE_MODULES = YES;
				CODE_SIGN_STYLE = Automatic;
				DEVELOPMENT_TEAM = 3G99T2JL44;
				INFOPLIST_FILE = COperationDemo/Info.plist;
				LD_RUNPATH_SEARCH_PATHS = (
					"$(inherited)",
					"@executable_path/Frameworks",
				);
				PRODUCT_BUNDLE_IDENTIFIER = com.fwzspt.COperationDemo;
				PRODUCT_NAME = "$(TARGET_NAME)";
				SWIFT_OBJC_BRIDGING_HEADER = "COperationDemo/COperationDemo-Bridging-Header.h";
				SWIFT_OPTIMIZATION_LEVEL = "-Onone";
				SWIFT_VERSION = 5.0;
				TARGETED_DEVICE_FAMILY = "1,2";
			};
			name = Debug;
		};
		04217E2D231E0BEC008BDD33 /* Release */ = {
			isa = XCBuildConfiguration;
			buildSettings = {
				ASSETCATALOG_COMPILER_APPICON_NAME = AppIcon;
				CLANG_ENABLE_MODULES = YES;
				CODE_SIGN_STYLE = Automatic;
				DEVELOPMENT_TEAM = 3G99T2JL44;
				INFOPLIST_FILE = COperationDemo/Info.plist;
				LD_RUNPATH_SEARCH_PATHS = (
					"$(inherited)",
					"@executable_path/Frameworks",
				);
				PRODUCT_BUNDLE_IDENTIFIER = com.fwzspt.COperationDemo;
				PRODUCT_NAME = "$(TARGET_NAME)";
				SWIFT_OBJC_BRIDGING_HEADER = "COperationDemo/COperationDemo-Bridging-Header.h";
				SWIFT_VERSION = 5.0;
				TARGETED_DEVICE_FAMILY = "1,2";
			};
			name = Release;
		};
/* End XCBuildConfiguration section */

/* Begin XCConfigurationList section */
		04217E14231E0BE9008BDD33 /* Build configuration list for PBXProject "COperationDemo" */ = {
			isa = XCConfigurationList;
			buildConfigurations = (
				04217E29231E0BEC008BDD33 /* Debug */,
				04217E2A231E0BEC008BDD33 /* Release */,
			);
			defaultConfigurationIsVisible = 0;
			defaultConfigurationName = Release;
		};
		04217E2B231E0BEC008BDD33 /* Build configuration list for PBXNativeTarget "COperationDemo" */ = {
			isa = XCConfigurationList;
			buildConfigurations = (
				04217E2C231E0BEC008BDD33 /* Debug */,
				04217E2D231E0BEC008BDD33 /* Release */,
			);
			defaultConfigurationIsVisible = 0;
			defaultConfigurationName = Release;
		};
/* End XCConfigurationList section */
	};
	rootObject = 04217E11231E0BE9008BDD33 /* Project object */;
}
